
Microsoft Visual Studio Solution File, Format Version 12.00
# Visual Studio Version 17
VisualStudioVersion = 17.5.33516.290
MinimumVisualStudioVersion = 10.0.40219.1
Project("{FAE04EC0-301F-11D3-BF4B-00C04F79EFBC}") = "Forms", "FromsSystem\Forms.csproj", "{71E08163-A09B-48F3-A1E0-E46AA18FEFAA}"
EndProject
Global
	GlobalSection(SolutionConfigurationPlatforms) = preSolution
		Debug|Any CPU = Debug|Any CPU
		Release|Any CPU = Release|Any CPU
	EndGlobalSection
	GlobalSection(ProjectConfigurationPlatforms) = postSolution
		{71E08163-A09B-48F3-A1E0-E46AA18FEFAA}.Debug|Any CPU.ActiveCfg = Debug|Any CPU
		{71E08163-A09B-48F3-A1E0-E46AA18FEFAA}.Debug|Any CPU.Build.0 = Debug|Any CPU
		{71E08163-A09B-48F3-A1E0-E46AA18FEFAA}.Release|Any CPU.ActiveCfg = Release|Any CPU
		{71E08163-A09B-48F3-A1E0-E46AA18FEFAA}.Release|Any CPU.Build.0 = Release|Any CPU
	EndGlobalSection
	GlobalSection(SolutionProperties) = preSolution
		HideSolutionNode = FALSE
	EndGlobalSection
	GlobalSection(ExtensibilityGlobals) = postSolution
		SolutionGuid = {7D774A25-1612-44F5-B65D-A1895B8FEB85}
	EndGlobalSection
EndGlobal
